
Microsoft Visual Studio Solution File, Format Version 12.00
# Visual Studio 2012
Project("{FAE04EC0-301F-11D3-BF4B-00C04F79EFBC}") = "webservice_mono", "webservice_mono\webservice_mono.csproj", "{214C872B-3F74-4CAE-8FD3-498183B81F6C}"
EndProject
Global
	GlobalSection(SolutionConfigurationPlatforms) = preSolution
		Debug|Any CPU = Debug|Any CPU
		Release|Any CPU = Release|Any CPU
	EndGlobalSection
	GlobalSection(ProjectConfigurationPlatforms) = postSolution
		{214C872B-3F74-4CAE-8FD3-498183B81F6C}.Debug|Any CPU.ActiveCfg = Debug|Any CPU
		{214C872B-3F74-4CAE-8FD3-498183B81F6C}.Debug|Any CPU.Build.0 = Debug|Any CPU
		{214C872B-3F74-4CAE-8FD3-498183B81F6C}.Release|Any CPU.ActiveCfg = Release|Any CPU
		{214C872B-3F74-4CAE-8FD3-498183B81F6C}.Release|Any CPU.Build.0 = Release|Any CPU
	EndGlobalSection
	GlobalSection(MonoDevelopProperties) = preSolution
		StartupItem = webservice_mono\webservice_mono.csproj
	EndGlobalSection
EndGlobal
